// !$*UTF8*$!
{
	archiveVersion = 1;
	classes = {
	};
	objectVersion = 46;
	objects = {

/* Begin PBXBuildFile section */
		52AC05C01CFFCC0C0013E31F /* CarLocation.m in Sources */ = {isa = PBXBuildFile; fileRef = 52AC05BF1CFFCC0C0013E31F /* CarLocation.m */; };
		52B729CF1CF61508009D4A09 /* main.m in Sources */ = {isa = PBXBuildFile; fileRef = 52B729CE1CF61508009D4A09 /* main.m */; };
		52B729D21CF61508009D4A09 /* AppDelegate.m in Sources */ = {isa = PBXBuildFile; fileRef = 52B729D11CF61508009D4A09 /* AppDelegate.m */; };
		52B729D81CF61508009D4A09 /* Main.storyboard in Resources */ = {isa = PBXBuildFile; fileRef = 52B729D61CF61508009D4A09 /* Main.storyboard */; };
		52B729DB1CF61508009D4A09 /* Parkd.xcdatamodeld in Sources */ = {isa = PBXBuildFile; fileRef = 52B729D91CF61508009D4A09 /* Parkd.xcdatamodeld */; };
		52B729DD1CF61508009D4A09 /* Assets.xcassets in Resources */ = {isa = PBXBuildFile; fileRef = 52B729DC1CF61508009D4A09 /* Assets.xcassets */; };
		52B729E01CF61508009D4A09 /* LaunchScreen.storyboard in Resources */ = {isa = PBXBuildFile; fileRef = 52B729DE1CF61508009D4A09 /* LaunchScreen.storyboard */; };
		52B729E81CF618E3009D4A09 /* MapKit.framework in Frameworks */ = {isa = PBXBuildFile; fileRef = 52B729E71CF618E3009D4A09 /* MapKit.framework */; };
		52B729EB1CF61CD2009D4A09 /* MapViewController.m in Sources */ = {isa = PBXBuildFile; fileRef = 52B729EA1CF61CD2009D4A09 /* MapViewController.m */; };
		52CD32801D0D04110044C121 /* DisplayDistance.m in Sources */ = {isa = PBXBuildFile; fileRef = 52CD327F1D0D04110044C121 /* DisplayDistance.m */; };
/* End PBXBuildFile section */

/* Begin PBXFileReference section */
		52AC05BE1CFFCC0C0013E31F /* CarLocation.h */ = {isa = PBXFileReference; fileEncoding = 4; lastKnownFileType = sourcecode.c.h; path = CarLocation.h; sourceTree = "<group>"; };
		52AC05BF1CFFCC0C0013E31F /* CarLocation.m */ = {isa = PBXFileReference; fileEncoding = 4; lastKnownFileType = sourcecode.c.objc; path = CarLocation.m; sourceTree = "<group>"; };
		52B729CA1CF61508009D4A09 /* Parkd.app */ = {isa = PBXFileReference; explicitFileType = wrapper.application; includeInIndex = 0; path = Parkd.app; sourceTree = BUILT_PRODUCTS_DIR; };
		52B729CE1CF61508009D4A09 /* main.m */ = {isa = PBXFileReference; lastKnownFileType = sourcecode.c.objc; path = main.m; sourceTree = "<group>"; };
		52B729D01CF61508009D4A09 /* AppDelegate.h */ = {isa = PBXFileReference; lastKnownFileType = sourcecode.c.h; path = AppDelegate.h; sourceTree = "<group>"; };
		52B729D11CF61508009D4A09 /* AppDelegate.m */ = {isa = PBXFileReference; lastKnownFileType = sourcecode.c.objc; path = AppDelegate.m; sourceTree = "<group>"; };
		52B729D71CF61508009D4A09 /* Base */ = {isa = PBXFileReference; lastKnownFileType = file.storyboard; name = Base; path = Base.lproj/Main.storyboard; sourceTree = "<group>"; };
		52B729DA1CF61508009D4A09 /* Parkd.xcdatamodel */ = {isa = PBXFileReference; lastKnownFileType = wrapper.xcdatamodel; path = Parkd.xcdatamodel; sourceTree = "<group>"; };
		52B729DC1CF61508009D4A09 /* Assets.xcassets */ = {isa = PBXFileReference; lastKnownFileType = folder.assetcatalog; path = Assets.xcassets; sourceTree = "<group>"; };
		52B729DF1CF61508009D4A09 /* Base */ = {isa = PBXFileReference; lastKnownFileType = file.storyboard; name = Base; path = Base.lproj/LaunchScreen.storyboard; sourceTree = "<group>"; };
		52B729E11CF61508009D4A09 /* Info.plist */ = {isa = PBXFileReference; lastKnownFileType = text.plist.xml; path = Info.plist; sourceTree = "<group>"; };
		52B729E71CF618E3009D4A09 /* MapKit.framework */ = {isa = PBXFileReference; lastKnownFileType = wrapper.framework; name = MapKit.framework; path = System/Library/Frameworks/MapKit.framework; sourceTree = SDKROOT; };
		52B729E91CF61CD2009D4A09 /* MapViewController.h */ = {isa = PBXFileReference; fileEncoding = 4; lastKnownFileType = sourcecode.c.h; path = MapViewController.h; sourceTree = "<group>"; };
		52B729EA1CF61CD2009D4A09 /* MapViewController.m */ = {isa = PBXFileReference; fileEncoding = 4; lastKnownFileType = sourcecode.c.objc; path = MapViewController.m; sourceTree = "<group>"; };
		52CD327E1D0D04110044C121 /* DisplayDistance.h */ = {isa = PBXFileReference; fileEncoding = 4; lastKnownFileType = sourcecode.c.h; path = DisplayDistance.h; sourceTree = "<group>"; };
		52CD327F1D0D04110044C121 /* DisplayDistance.m */ = {isa = PBXFileReference; fileEncoding = 4; lastKnownFileType = sourcecode.c.objc; path = DisplayDistance.m; sourceTree = "<group>"; };
/* End PBXFileReference section */

/* Begin PBXFrameworksBuildPhase section */
		52B729C71CF61508009D4A09 /* Frameworks */ = {
			isa = PBXFrameworksBuildPhase;
			buildActionMask = 2147483647;
			files = (
				52B729E81CF618E3009D4A09 /* MapKit.framework in Frameworks */,
			);
			runOnlyForDeploymentPostprocessing = 0;
		};
/* End PBXFrameworksBuildPhase section */

/* Begin PBXGroup section */
		52B729C11CF61508009D4A09 = {
			isa = PBXGroup;
			children = (
				52B729E71CF618E3009D4A09 /* MapKit.framework */,
				52B729CC1CF61508009D4A09 /* Parkd */,
				52B729CB1CF61508009D4A09 /* Products */,
			);
			sourceTree = "<group>";
		};
		52B729CB1CF61508009D4A09 /* Products */ = {
			isa = PBXGroup;
			children = (
				52B729CA1CF61508009D4A09 /* Parkd.app */,
			);
			name = Products;
			sourceTree = "<group>";
		};
		52B729CC1CF61508009D4A09 /* Parkd */ = {
			isa = PBXGroup;
			children = (
				52B729D01CF61508009D4A09 /* AppDelegate.h */,
				52B729D11CF61508009D4A09 /* AppDelegate.m */,
				52B729D61CF61508009D4A09 /* Main.storyboard */,
				52B729E91CF61CD2009D4A09 /* MapViewController.h */,
				52B729EA1CF61CD2009D4A09 /* MapViewController.m */,
				52AC05BE1CFFCC0C0013E31F /* CarLocation.h */,
				52AC05BF1CFFCC0C0013E31F /* CarLocation.m */,
				52CD327E1D0D04110044C121 /* DisplayDistance.h */,
				52CD327F1D0D04110044C121 /* DisplayDistance.m */,
				52B729DC1CF61508009D4A09 /* Assets.xcassets */,
				52B729DE1CF61508009D4A09 /* LaunchScreen.storyboard */,
				52B729E11CF61508009D4A09 /* Info.plist */,
				52B729D91CF61508009D4A09 /* Parkd.xcdatamodeld */,
				52B729CD1CF61508009D4A09 /* Supporting Files */,
			);
			path = Parkd;
			sourceTree = "<group>";
		};
		52B729CD1CF61508009D4A09 /* Supporting Files */ = {
			isa = PBXGroup;
			children = (
				52B729CE1CF61508009D4A09 /* main.m */,
			);
			name = "Supporting Files";
			sourceTree = "<group>";
		};
/* End PBXGroup section */

/* Begin PBXNativeTarget section */
		52B729C91CF61508009D4A09 /* Parkd */ = {
			isa = PBXNativeTarget;
			buildConfigurationList = 52B729E41CF61508009D4A09 /* Build configuration list for PBXNativeTarget "Parkd" */;
			buildPhases = (
				52B729C61CF61508009D4A09 /* Sources */,
				52B729C71CF61508009D4A09 /* Frameworks */,
				52B729C81CF61508009D4A09 /* Resources */,
			);
			buildRules = (
			);
			dependencies = (
			);
			name = Parkd;
			productName = Parkd;
			productReference = 52B729CA1CF61508009D4A09 /* Parkd.app */;
			productType = "com.apple.product-type.application";
		};
/* End PBXNativeTarget section */

/* Begin PBXProject section */
		52B729C21CF61508009D4A09 /* Project object */ = {
			isa = PBXProject;
			attributes = {
				LastUpgradeCheck = 0730;
				ORGANIZATIONNAME = berkaysebat.com.trivia;
				TargetAttributes = {
					52B729C91CF61508009D4A09 = {
						CreatedOnToolsVersion = 7.3.1;
					};
				};
			};
			buildConfigurationList = 52B729C51CF61508009D4A09 /* Build configuration list for PBXProject "Parkd" */;
			compatibilityVersion = "Xcode 3.2";
			developmentRegion = English;
			hasScannedForEncodings = 0;
			knownRegions = (
				en,
				Base,
			);
			mainGroup = 52B729C11CF61508009D4A09;
			productRefGroup = 52B729CB1CF61508009D4A09 /* Products */;
			projectDirPath = "";
			projectRoot = "";
			targets = (
				52B729C91CF61508009D4A09 /* Parkd */,
			);
		};
/* End PBXProject section */

/* Begin PBXResourcesBuildPhase section */
		52B729C81CF61508009D4A09 /* Resources */ = {
			isa = PBXResourcesBuildPhase;
			buildActionMask = 2147483647;
			files = (
				52B729E01CF61508009D4A09 /* LaunchScreen.storyboard in Resources */,
				52B729DD1CF61508009D4A09 /* Assets.xcassets in Resources */,
				52B729D81CF61508009D4A09 /* Main.storyboard in Resources */,
			);
			runOnlyForDeploymentPostprocessing = 0;
		};
/* End PBXResourcesBuildPhase section */

/* Begin PBXSourcesBuildPhase section */
		52B729C61CF61508009D4A09 /* Sources */ = {
			isa = PBXSourcesBuildPhase;
			buildActionMask = 2147483647;
			files = (
				52B729DB1CF61508009D4A09 /* Parkd.xcdatamodeld in Sources */,
				52B729EB1CF61CD2009D4A09 /* MapViewController.m in Sources */,
				52B729D21CF61508009D4A09 /* AppDelegate.m in Sources */,
				52CD32801D0D04110044C121 /* DisplayDistance.m in Sources */,
				52B729CF1CF61508009D4A09 /* main.m in Sources */,
				52AC05C01CFFCC0C0013E31F /* CarLocation.m in Sources */,
			);
			runOnlyForDeploymentPostprocessing = 0;
		};
/* End PBXSourcesBuildPhase section */

/* Begin PBXVariantGroup section */
		52B729D61CF61508009D4A09 /* Main.storyboard */ = {
			isa = PBXVariantGroup;
			children = (
				52B729D71CF61508009D4A09 /* Base */,
			);
			name = Main.storyboard;
			sourceTree = "<group>";
		};
		52B729DE1CF61508009D4A09 /* LaunchScreen.storyboard */ = {
			isa = PBXVariantGroup;
			children = (
				52B729DF1CF61508009D4A09 /* Base */,
			);
			name = LaunchScreen.storyboard;
			sourceTree = "<group>";
		};
/* End PBXVariantGroup section */

/* Begin XCBuildConfiguration section */
		52B729E21CF61508009D4A09 /* Debug */ = {
			isa = XCBuildConfiguration;
			buildSettings = {
				ALWAYS_SEARCH_USER_PATHS = NO;
				CLANG_ANALYZER_NONNULL = YES;
				CLANG_CXX_LANGUAGE_STANDARD = "gnu++0x";
				CLANG_CXX_LIBRARY = "libc++";
				CLANG_ENABLE_MODULES = YES;
				CLANG_ENABLE_OBJC_ARC = YES;
				CLANG_WARN_BOOL_CONVERSION = YES;
				CLANG_WARN_CONSTANT_CONVERSION = YES;
				CLANG_WARN_DIRECT_OBJC_ISA_USAGE = YES_ERROR;
				CLANG_WARN_EMPTY_BODY = YES;
				CLANG_WARN_ENUM_CONVERSION = YES;
				CLANG_WARN_INT_CONVERSION = YES;
				CLANG_WARN_OBJC_ROOT_CLASS = YES_ERROR;
				CLANG_WARN_UNREACHABLE_CODE = YES;
				CLANG_WARN__DUPLICATE_METHOD_MATCH = YES;
				"CODE_SIGN_IDENTITY[sdk=iphoneos*]" = "iPhone Developer";
				COPY_PHASE_STRIP = NO;
				DEBUG_INFORMATION_FORMAT = dwarf;
				ENABLE_STRICT_OBJC_MSGSEND = YES;
				ENABLE_TESTABILITY = YES;
				GCC_C_LANGUAGE_STANDARD = gnu99;
				GCC_DYNAMIC_NO_PIC = NO;
				GCC_NO_COMMON_BLOCKS = YES;
				GCC_OPTIMIZATION_LEVEL = 0;
				GCC_PREPROCESSOR_DEFINITIONS = (
					"DEBUG=1",
					"$(inherited)",
				);
				GCC_WARN_64_TO_32_BIT_CONVERSION = YES;
				GCC_WARN_ABOUT_RETURN_TYPE = YES_ERROR;
				GCC_WARN_UNDECLARED_SELECTOR = YES;
				GCC_WARN_UNINITIALIZED_AUTOS = YES_AGGRESSIVE;
				GCC_WARN_UNUSED_FUNCTION = YES;
				GCC_WARN_UNUSED_VARIABLE = YES;
				IPHONEOS_DEPLOYMENT_TARGET = 9.3;
				MTL_ENABLE_DEBUG_INFO = YES;
				ONLY_ACTIVE_ARCH = YES;
				SDKROOT = iphoneos;
			};
			name = Debug;
		};
		52B729E31CF61508009D4A09 /* Release */ = {
			isa = XCBuildConfiguration;
			buildSettings = {
				ALWAYS_SEARCH_USER_PATHS = NO;
				CLANG_ANALYZER_NONNULL = YES;
				CLANG_CXX_LANGUAGE_STANDARD = "gnu++0x";
				CLANG_CXX_LIBRARY = "libc++";
				CLANG_ENABLE_MODULES = YES;
				CLANG_ENABLE_OBJC_ARC = YES;
				CLANG_WARN_BOOL_CONVERSION = YES;
				CLANG_WARN_CONSTANT_CONVERSION = YES;
				CLANG_WARN_DIRECT_OBJC_ISA_USAGE = YES_ERROR;
				CLANG_WARN_EMPTY_BODY = YES;
				CLANG_WARN_ENUM_CONVERSION = YES;
				CLANG_WARN_INT_CONVERSION = YES;
				CLANG_WARN_OBJC_ROOT_CLASS = YES_ERROR;
				CLANG_WARN_UNREACHABLE_CODE = YES;
				CLANG_WARN__DUPLICATE_METHOD_MATCH = YES;
				"CODE_SIGN_IDENTITY[sdk=iphoneos*]" = "iPhone Developer";
				COPY_PHASE_STRIP = NO;
				DEBUG_INFORMATION_FORMAT = "dwarf-with-dsym";
				ENABLE_NS_ASSERTIONS = NO;
				ENABLE_STRICT_OBJC_MSGSEND = YES;
				GCC_C_LANGUAGE_STANDARD = gnu99;
				GCC_NO_COMMON_BLOCKS = YES;
				GCC_WARN_64_TO_32_BIT_CONVERSION = YES;
				GCC_WARN_ABOUT_RETURN_TYPE = YES_ERROR;
				GCC_WARN_UNDECLARED_SELECTOR = YES;
				GCC_WARN_UNINITIALIZED_AUTOS = YES_AGGRESSIVE;
				GCC_WARN_UNUSED_FUNCTION = YES;
				GCC_WARN_UNUSED_VARIABLE = YES;
				IPHONEOS_DEPLOYMENT_TARGET = 9.3;
				MTL_ENABLE_DEBUG_INFO = NO;
				SDKROOT = iphoneos;
				VALIDATE_PRODUCT = YES;
			};
			name = Release;
		};
		52B729E51CF61508009D4A09 /* Debug */ = {
			isa = XCBuildConfiguration;
			buildSettings = {
				ASSETCATALOG_COMPILER_APPICON_NAME = AppIcon;
				INFOPLIST_FILE = Parkd/Info.plist;
				LD_RUNPATH_SEARCH_PATHS = "$(inherited) @executable_path/Frameworks";
				PRODUCT_BUNDLE_IDENTIFIER = "Sebat-Tech-LLC.Parkd";
				PRODUCT_NAME = "$(TARGET_NAME)";
			};
			name = Debug;
		};
		52B729E61CF61508009D4A09 /* Release */ = {
			isa = XCBuildConfiguration;
			buildSettings = {
				ASSETCATALOG_COMPILER_APPICON_NAME = AppIcon;
				INFOPLIST_FILE = Parkd/Info.plist;
				LD_RUNPATH_SEARCH_PATHS = "$(inherited) @executable_path/Frameworks";
				PRODUCT_BUNDLE_IDENTIFIER = "Sebat-Tech-LLC.Parkd";
				PRODUCT_NAME = "$(TARGET_NAME)";
			};
			name = Release;
		};
/* End XCBuildConfiguration section */

/* Begin XCConfigurationList section */
		52B729C51CF61508009D4A09 /* Build configuration list for PBXProject "Parkd" */ = {
			isa = XCConfigurationList;
			buildConfigurations = (
				52B729E21CF61508009D4A09 /* Debug */,
				52B729E31CF61508009D4A09 /* Release */,
			);
			defaultConfigurationIsVisible = 0;
			defaultConfigurationName = Release;
		};
		52B729E41CF61508009D4A09 /* Build configuration list for PBXNativeTarget "Parkd" */ = {
			isa = XCConfigurationList;
			buildConfigurations = (
				52B729E51CF61508009D4A09 /* Debug */,
				52B729E61CF61508009D4A09 /* Release */,
			);
			defaultConfigurationIsVisible = 0;
			defaultConfigurationName = Release;
		};
/* End XCConfigurationList section */

/* Begin XCVersionGroup section */
		52B729D91CF61508009D4A09 /* Parkd.xcdatamodeld */ = {
			isa = XCVersionGroup;
			children = (
				52B729DA1CF61508009D4A09 /* Parkd.xcdatamodel */,
			);
			currentVersion = 52B729DA1CF61508009D4A09 /* Parkd.xcdatamodel */;
			path = Parkd.xcdatamodeld;
			sourceTree = "<group>";
			versionGroupType = wrapper.xcdatamodel;
		};
/* End XCVersionGroup section */
	};
	rootObject = 52B729C21CF61508009D4A09 /* Project object */;
}
